
Microsoft Visual Studio Solution File, Format Version 12.00
# Visual Studio Version 17
VisualStudioVersion = 17.8.34511.84
MinimumVisualStudioVersion = 10.0.40219.1
Project("{FAE04EC0-301F-11D3-BF4B-00C04F79EFBC}") = "Sorted", "Sorted\Sorted.csproj", "{C6CCB137-957A-43C2-A91F-17E565B843E8}"
EndProject
Project("{FAE04EC0-301F-11D3-BF4B-00C04F79EFBC}") = "API", "API\API.csproj", "{796B61D6-A883-4CC4-9C26-51AAFC0B8461}"
EndProject
Global
	GlobalSection(SolutionConfigurationPlatforms) = preSolution
		Debug|Any CPU = Debug|Any CPU
		Release|Any CPU = Release|Any CPU
	EndGlobalSection
	GlobalSection(ProjectConfigurationPlatforms) = postSolution
		{C6CCB137-957A-43C2-A91F-17E565B843E8}.Debug|Any CPU.ActiveCfg = Debug|Any CPU
		{C6CCB137-957A-43C2-A91F-17E565B843E8}.Debug|Any CPU.Build.0 = Debug|Any CPU
		{C6CCB137-957A-43C2-A91F-17E565B843E8}.Release|Any CPU.ActiveCfg = Release|Any CPU
		{C6CCB137-957A-43C2-A91F-17E565B843E8}.Release|Any CPU.Build.0 = Release|Any CPU
		{796B61D6-A883-4CC4-9C26-51AAFC0B8461}.Debug|Any CPU.ActiveCfg = Debug|Any CPU
		{796B61D6-A883-4CC4-9C26-51AAFC0B8461}.Debug|Any CPU.Build.0 = Debug|Any CPU
		{796B61D6-A883-4CC4-9C26-51AAFC0B8461}.Release|Any CPU.ActiveCfg = Release|Any CPU
		{796B61D6-A883-4CC4-9C26-51AAFC0B8461}.Release|Any CPU.Build.0 = Release|Any CPU
	EndGlobalSection
	GlobalSection(SolutionProperties) = preSolution
		HideSolutionNode = FALSE
	EndGlobalSection
	GlobalSection(ExtensibilityGlobals) = postSolution
		SolutionGuid = {FC4A8F64-91B1-4CCA-B5DA-673CA521EBCD}
	EndGlobalSection
EndGlobal
